
Microsoft Visual Studio Solution File, Format Version 12.00
# Visual Studio 2012
Project("{FAE04EC0-301F-11D3-BF4B-00C04F79EFBC}") = "第八章", "第八章\第八章.csproj", "{3742ECF9-5321-4ACF-83D3-A5BF52187296}"
EndProject
Project("{FAE04EC0-301F-11D3-BF4B-00C04F79EFBC}") = "sj3", "sj3\sj3.csproj", "{745E1ACE-C6E8-4843-BE85-0C6042030A99}"
EndProject
Project("{FAE04EC0-301F-11D3-BF4B-00C04F79EFBC}") = "jd_1", "jd_1\jd_1.csproj", "{BE769042-BB83-427A-8B67-CF283A45240B}"
EndProject
Project("{FAE04EC0-301F-11D3-BF4B-00C04F79EFBC}") = "text", "text\text.csproj", "{C11AE86A-A0AA-4BB6-9EC6-B5FED5D7080F}"
EndProject
Global
	GlobalSection(SolutionConfigurationPlatforms) = preSolution
		Debug|Any CPU = Debug|Any CPU
		Release|Any CPU = Release|Any CPU
	EndGlobalSection
	GlobalSection(ProjectConfigurationPlatforms) = postSolution
		{3742ECF9-5321-4ACF-83D3-A5BF52187296}.Debug|Any CPU.ActiveCfg = Debug|Any CPU
		{3742ECF9-5321-4ACF-83D3-A5BF52187296}.Debug|Any CPU.Build.0 = Debug|Any CPU
		{3742ECF9-5321-4ACF-83D3-A5BF52187296}.Release|Any CPU.ActiveCfg = Release|Any CPU
		{3742ECF9-5321-4ACF-83D3-A5BF52187296}.Release|Any CPU.Build.0 = Release|Any CPU
		{745E1ACE-C6E8-4843-BE85-0C6042030A99}.Debug|Any CPU.ActiveCfg = Debug|Any CPU
		{745E1ACE-C6E8-4843-BE85-0C6042030A99}.Debug|Any CPU.Build.0 = Debug|Any CPU
		{745E1ACE-C6E8-4843-BE85-0C6042030A99}.Release|Any CPU.ActiveCfg = Release|Any CPU
		{745E1ACE-C6E8-4843-BE85-0C6042030A99}.Release|Any CPU.Build.0 = Release|Any CPU
		{BE769042-BB83-427A-8B67-CF283A45240B}.Debug|Any CPU.ActiveCfg = Debug|Any CPU
		{BE769042-BB83-427A-8B67-CF283A45240B}.Debug|Any CPU.Build.0 = Debug|Any CPU
		{BE769042-BB83-427A-8B67-CF283A45240B}.Release|Any CPU.ActiveCfg = Release|Any CPU
		{BE769042-BB83-427A-8B67-CF283A45240B}.Release|Any CPU.Build.0 = Release|Any CPU
		{C11AE86A-A0AA-4BB6-9EC6-B5FED5D7080F}.Debug|Any CPU.ActiveCfg = Debug|Any CPU
		{C11AE86A-A0AA-4BB6-9EC6-B5FED5D7080F}.Debug|Any CPU.Build.0 = Debug|Any CPU
		{C11AE86A-A0AA-4BB6-9EC6-B5FED5D7080F}.Release|Any CPU.ActiveCfg = Release|Any CPU
		{C11AE86A-A0AA-4BB6-9EC6-B5FED5D7080F}.Release|Any CPU.Build.0 = Release|Any CPU
	EndGlobalSection
	GlobalSection(SolutionProperties) = preSolution
		HideSolutionNode = FALSE
	EndGlobalSection
EndGlobal
